<?xml version="1.0" encoding="utf-8"?>
<Project ToolsVersion="4.0" xmlns="http://schemas.microsoft.com/developer/msbuild/2003">
  <ItemGroup>
    <Filter Include="00. GameCore">
      <UniqueIdentifier>{e9f90c9f-2b21-44ca-bc8a-3966012e3ab2}</UniqueIdentifier>
    </Filter>
    <Filter Include="01. Manager">
      <UniqueIdentifier>{efab443a-7186-45b0-a9cc-95d1097a325d}</UniqueIdentifier>
    </Filter>
    <Filter Include="01. Manager\Scene">
      <UniqueIdentifier>{c39d6305-c1b7-415b-88cf-5c63e8a7d0ea}</UniqueIdentifier>
    </Filter>
    <Filter Include="000.Defualt">
      <UniqueIdentifier>{93573de6-355b-4dc8-89c9-231a3f83e25d}</UniqueIdentifier>
    </Filter>
    <Filter Include="03. Obj">
      <UniqueIdentifier>{34ea21b2-7929-44bb-ad75-74ee86870eba}</UniqueIdentifier>
    </Filter>
    <Filter Include="03. Obj\00. Player">
      <UniqueIdentifier>{9bf70e91-be93-40ad-a3c9-dce4e8e025cf}</UniqueIdentifier>
    </Filter>
    <Filter Include="03. Obj\01. Enemy">
      <UniqueIdentifier>{380a5656-9d2f-4d37-accf-b0b2146c80c1}</UniqueIdentifier>
    </Filter>
    <Filter Include="03. Obj\02. Item">
      <UniqueIdentifier>{4321067a-6e89-41df-85cf-97937ed73824}</UniqueIdentifier>
    </Filter>
    <Filter Include="03. Obj\03. Bullet">
      <UniqueIdentifier>{b58bae56-36c2-4c71-95dc-727ff3e41324}</UniqueIdentifier>
    </Filter>
    <Filter Include="02. Scene">
      <UniqueIdentifier>{e4d60e2f-3303-41c4-b0ef-d9a4621febb1}</UniqueIdentifier>
    </Filter>
    <Filter Include="000.Defualt\리소스 파일">
      <UniqueIdentifier>{67DA6AB6-F800-4c08-8B7A-83BB121AAD01}</UniqueIdentifier>
      <Extensions>rc;ico;cur;bmp;dlg;rc2;rct;bin;rgs;gif;jpg;jpeg;jpe;resx;tiff;tif;png;wav;mfcribbon-ms</Extensions>
    </Filter>
    <Filter Include="02. Scene\00. Scene_Start">
      <UniqueIdentifier>{38c2de28-1af7-4231-a18b-28e1dd814688}</UniqueIdentifier>
    </Filter>
    <Filter Include="02. Scene\01. Scene_Stage1">
      <UniqueIdentifier>{1873fbd1-c20f-4c27-b85a-38d5ce9b91be}</UniqueIdentifier>
    </Filter>
    <Filter Include="02. Scene\02. Scene_Stage2">
      <UniqueIdentifier>{739c2dcc-5df5-41d7-845f-29124cc54f90}</UniqueIdentifier>
    </Filter>
    <Filter Include="02. Scene\03. Scene_GameOver">
      <UniqueIdentifier>{d6b44d28-96d2-4ea5-a28c-54b3768bd51e}</UniqueIdentifier>
    </Filter>
    <Filter Include="02. Scene\04. Scene_Clear">
      <UniqueIdentifier>{1ad118bc-a5df-4f56-9bf8-3079f9b67b08}</UniqueIdentifier>
    </Filter>
    <Filter Include="02. Scene\05. Scene_Exit">
      <UniqueIdentifier>{04d76f2e-9bae-4a1f-8013-9cfdcc0622f0}</UniqueIdentifier>
    </Filter>
    <Filter Include="99.Define">
      <UniqueIdentifier>{f85cc603-b8b4-4822-8b98-c2bb5ffc1553}</UniqueIdentifier>
    </Filter>
    <Filter Include="04. PenBrushTool">
      <UniqueIdentifier>{f6dd02ea-1bc8-4d04-ab3e-8c463721d971}</UniqueIdentifier>
    </Filter>
    <Filter Include="02. Scene\99. Scene_Test">
      <UniqueIdentifier>{dfe70ba0-5fb0-4fe5-9ced-2e16364c431b}</UniqueIdentifier>
    </Filter>
    <Filter Include="01. Manager\AbstractFactory">
      <UniqueIdentifier>{80d9cdd4-ea9e-4962-a224-1fdeddb64010}</UniqueIdentifier>
    </Filter>
    <Filter Include="01. Manager\Event">
      <UniqueIdentifier>{39b72884-2e4c-4985-b420-45e72ef7be0e}</UniqueIdentifier>
    </Filter>
    <Filter Include="05. EventFunc">
      <UniqueIdentifier>{853209e9-5a50-4366-b863-f887bf2c9608}</UniqueIdentifier>
    </Filter>
    <Filter Include="01. Manager\Collision">
      <UniqueIdentifier>{da74a70e-f614-42e0-ab5c-5fa5faa84cdd}</UniqueIdentifier>
    </Filter>
  </ItemGroup>
  <ItemGroup>
    <ClInclude Include="Obj.h">
      <Filter>03. Obj</Filter>
    </ClInclude>
    <ClInclude Include="Player.h">
      <Filter>03. Obj\00. Player</Filter>
    </ClInclude>
    <ClInclude Include="GameCore.h">
      <Filter>00. GameCore</Filter>
    </ClInclude>
    <ClInclude Include="Enemy.h">
      <Filter>03. Obj\01. Enemy</Filter>
    </ClInclude>
    <ClInclude Include="Item.h">
      <Filter>03. Obj\02. Item</Filter>
    </ClInclude>
    <ClInclude Include="Bullet.h">
      <Filter>03. Obj\03. Bullet</Filter>
    </ClInclude>
    <ClInclude Include="Scene_Start.h">
      <Filter>02. Scene\00. Scene_Start</Filter>
    </ClInclude>
    <ClInclude Include="Scene_Stage1.h">
      <Filter>02. Scene\01. Scene_Stage1</Filter>
    </ClInclude>
    <ClInclude Include="Scene_Clear.h">
      <Filter>02. Scene\04. Scene_Clear</Filter>
    </ClInclude>
    <ClInclude Include="Scene_Stage2.h">
      <Filter>02. Scene\02. Scene_Stage2</Filter>
    </ClInclude>
    <ClInclude Include="Scene_Exit.h">
      <Filter>02. Scene\05. Scene_Exit</Filter>
    </ClInclude>
    <ClInclude Include="Scene_GameOver.h">
      <Filter>02. Scene\03. Scene_GameOver</Filter>
    </ClInclude>
    <ClInclude Include="Define.h">
      <Filter>99.Define</Filter>
    </ClInclude>
    <ClInclude Include="stdafx.h">
      <Filter>99.Define</Filter>
    </ClInclude>
    <ClInclude Include="Enum_String.h">
      <Filter>99.Define</Filter>
    </ClInclude>
    <ClInclude Include="Enum.h">
      <Filter>99.Define</Filter>
    </ClInclude>
    <ClInclude Include="Template.h">
      <Filter>99.Define</Filter>
    </ClInclude>
    <ClInclude Include="Struct.h">
      <Filter>99.Define</Filter>
    </ClInclude>
    <ClInclude Include="DefaultWindow.h">
      <Filter>000.Defualt</Filter>
    </ClInclude>
    <ClInclude Include="Resource.h">
      <Filter>000.Defualt</Filter>
    </ClInclude>
    <ClInclude Include="targetver.h">
      <Filter>000.Defualt</Filter>
    </ClInclude>
    <ClInclude Include="SceneMgr.h">
      <Filter>01. Manager\Scene</Filter>
    </ClInclude>
    <ClInclude Include="Scene.h">
      <Filter>02. Scene</Filter>
    </ClInclude>
    <ClInclude Include="SelectGDI.h">
      <Filter>04. PenBrushTool</Filter>
    </ClInclude>
    <ClInclude Include="Scene_Test.h">
      <Filter>02. Scene\99. Scene_Test</Filter>
    </ClInclude>
    <ClInclude Include="EventMgr.h">
      <Filter>01. Manager\Event</Filter>
    </ClInclude>
    <ClInclude Include="CollisionMgr.h">
      <Filter>01. Manager\Collision</Filter>
    </ClInclude>
    <ClInclude Include="EventFunc.h">
      <Filter>01. Manager\Event</Filter>
    </ClInclude>
    <ClInclude Include="ASCII.h">
      <Filter>99.Define</Filter>
    </ClInclude>
    <ClInclude Include="AbstractFactory.h" />
    <ClInclude Include="BulletTypeChange.h" />
    <ClInclude Include="LifeUp.h" />
  </ItemGroup>
  <ItemGroup>
    <ClCompile Include="Obj.cpp">
      <Filter>03. Obj</Filter>
    </ClCompile>
    <ClCompile Include="Player.cpp">
      <Filter>03. Obj\00. Player</Filter>
    </ClCompile>
    <ClCompile Include="GameCore.cpp">
      <Filter>00. GameCore</Filter>
    </ClCompile>
    <ClCompile Include="Enemy.cpp">
      <Filter>03. Obj\01. Enemy</Filter>
    </ClCompile>
    <ClCompile Include="Item.cpp">
      <Filter>03. Obj\02. Item</Filter>
    </ClCompile>
    <ClCompile Include="Bullet.cpp">
      <Filter>03. Obj\03. Bullet</Filter>
    </ClCompile>
    <ClCompile Include="Scene_Start.cpp">
      <Filter>02. Scene\00. Scene_Start</Filter>
    </ClCompile>
    <ClCompile Include="Scene_Stage1.cpp">
      <Filter>02. Scene\01. Scene_Stage1</Filter>
    </ClCompile>
    <ClCompile Include="Scene_Clear.cpp">
      <Filter>02. Scene\04. Scene_Clear</Filter>
    </ClCompile>
    <ClCompile Include="Scene_Stage2.cpp">
      <Filter>02. Scene\02. Scene_Stage2</Filter>
    </ClCompile>
    <ClCompile Include="Scene_Exit.cpp">
      <Filter>02. Scene\05. Scene_Exit</Filter>
    </ClCompile>
    <ClCompile Include="Scene_GameOver.cpp">
      <Filter>02. Scene\03. Scene_GameOver</Filter>
    </ClCompile>
    <ClCompile Include="DefaultWindow.cpp" />
    <ClCompile Include="stdafx.cpp">
      <Filter>000.Defualt</Filter>
    </ClCompile>
    <ClCompile Include="SceneMgr.cpp">
      <Filter>01. Manager\Scene</Filter>
    </ClCompile>
    <ClCompile Include="Scene.cpp">
      <Filter>02. Scene</Filter>
    </ClCompile>
    <ClCompile Include="SelectGDI.cpp">
      <Filter>04. PenBrushTool</Filter>
    </ClCompile>
    <ClCompile Include="Scene_Test.cpp">
      <Filter>02. Scene\99. Scene_Test</Filter>
    </ClCompile>
    <ClCompile Include="EventMgr.cpp">
      <Filter>01. Manager\Event</Filter>
    </ClCompile>
    <ClCompile Include="CollisonMgr.cpp">
      <Filter>01. Manager\Collision</Filter>
    </ClCompile>
    <ClCompile Include="EventFunc.cpp">
      <Filter>01. Manager\Event</Filter>
    </ClCompile>
    <ClCompile Include="BulletTypeChange.cpp" />
    <ClCompile Include="LifeUp.cpp" />
  </ItemGroup>
  <ItemGroup>
    <ResourceCompile Include="DefaultWindow.rc">
      <Filter>000.Defualt\리소스 파일</Filter>
    </ResourceCompile>
  </ItemGroup>
  <ItemGroup>
    <Image Include="small.ico">
      <Filter>000.Defualt\리소스 파일</Filter>
    </Image>
    <Image Include="DefaultWindow.ico">
      <Filter>000.Defualt\리소스 파일</Filter>
    </Image>
  </ItemGroup>
  <ItemGroup>
    <Text Include="ReadMe.txt">
      <Filter>000.Defualt</Filter>
    </Text>
  </ItemGroup>
</Project>